
Microsoft Visual Studio Solution File, Format Version 12.00
# Visual Studio Version 16
VisualStudioVersion = 16.0.29424.173
MinimumVisualStudioVersion = 10.0.40219.1
Project("{FAE04EC0-301F-11D3-BF4B-00C04F79EFBC}") = "Bitrate", "Bitrate\Bitrate.csproj", "{CD7BFDF6-9309-4150-B2D1-6911D82496DB}"
EndProject
Global
	GlobalSection(SolutionConfigurationPlatforms) = preSolution
		Debug|Any CPU = Debug|Any CPU
		Release|Any CPU = Release|Any CPU
	EndGlobalSection
	GlobalSection(ProjectConfigurationPlatforms) = postSolution
		{CD7BFDF6-9309-4150-B2D1-6911D82496DB}.Debug|Any CPU.ActiveCfg = Debug|Any CPU
		{CD7BFDF6-9309-4150-B2D1-6911D82496DB}.Debug|Any CPU.Build.0 = Debug|Any CPU
		{CD7BFDF6-9309-4150-B2D1-6911D82496DB}.Release|Any CPU.ActiveCfg = Release|Any CPU
		{CD7BFDF6-9309-4150-B2D1-6911D82496DB}.Release|Any CPU.Build.0 = Release|Any CPU
	EndGlobalSection
	GlobalSection(SolutionProperties) = preSolution
		HideSolutionNode = FALSE
	EndGlobalSection
	GlobalSection(ExtensibilityGlobals) = postSolution
		SolutionGuid = {4CAFC2EC-D5B2-4E35-AA85-DF05DB744479}
	EndGlobalSection
EndGlobal
